
Microsoft Visual Studio Solution File, Format Version 12.00
# Visual Studio Version 17
VisualStudioVersion = 17.11.35208.52
MinimumVisualStudioVersion = 10.0.40219.1
Project("{FAE04EC0-301F-11D3-BF4B-00C04F79EFBC}") = "Pilot-Clase1", "Pilot-Clase1\Pilot-Clase1.csproj", "{F5ED10AD-020A-4E63-8792-C2A06040AA6D}"
EndProject
Global
	GlobalSection(SolutionConfigurationPlatforms) = preSolution
		Debug|Any CPU = Debug|Any CPU
		Release|Any CPU = Release|Any CPU
	EndGlobalSection
	GlobalSection(ProjectConfigurationPlatforms) = postSolution
		{F5ED10AD-020A-4E63-8792-C2A06040AA6D}.Debug|Any CPU.ActiveCfg = Debug|Any CPU
		{F5ED10AD-020A-4E63-8792-C2A06040AA6D}.Debug|Any CPU.Build.0 = Debug|Any CPU
		{F5ED10AD-020A-4E63-8792-C2A06040AA6D}.Release|Any CPU.ActiveCfg = Release|Any CPU
		{F5ED10AD-020A-4E63-8792-C2A06040AA6D}.Release|Any CPU.Build.0 = Release|Any CPU
	EndGlobalSection
	GlobalSection(SolutionProperties) = preSolution
		HideSolutionNode = FALSE
	EndGlobalSection
	GlobalSection(ExtensibilityGlobals) = postSolution
		SolutionGuid = {47420176-CD53-4386-97DA-B434A76F2295}
	EndGlobalSection
EndGlobal
